
Microsoft Visual Studio Solution File, Format Version 12.00
# Visual Studio 15
VisualStudioVersion = 15.0.28307.1082
MinimumVisualStudioVersion = 10.0.40219.1
Project("{FAE04EC0-301F-11D3-BF4B-00C04F79EFBC}") = "Batch_Deobfuscator", "Batch_Deobfuscator\Batch_Deobfuscator.csproj", "{18F077B5-7E1A-47A3-8610-9352E0AFF295}"
EndProject
Global
	GlobalSection(SolutionConfigurationPlatforms) = preSolution
		Debug|Any CPU = Debug|Any CPU
		Release|Any CPU = Release|Any CPU
	EndGlobalSection
	GlobalSection(ProjectConfigurationPlatforms) = postSolution
		{18F077B5-7E1A-47A3-8610-9352E0AFF295}.Debug|Any CPU.ActiveCfg = Debug|Any CPU
		{18F077B5-7E1A-47A3-8610-9352E0AFF295}.Debug|Any CPU.Build.0 = Debug|Any CPU
		{18F077B5-7E1A-47A3-8610-9352E0AFF295}.Release|Any CPU.ActiveCfg = Release|Any CPU
		{18F077B5-7E1A-47A3-8610-9352E0AFF295}.Release|Any CPU.Build.0 = Release|Any CPU
	EndGlobalSection
	GlobalSection(SolutionProperties) = preSolution
		HideSolutionNode = FALSE
	EndGlobalSection
	GlobalSection(ExtensibilityGlobals) = postSolution
		SolutionGuid = {249E857E-A69B-4181-820D-AD31EF6844FC}
	EndGlobalSection
EndGlobal
